
Microsoft Visual Studio Solution File, Format Version 12.00
# Visual Studio Version 16
VisualStudioVersion = 16.0.30114.105
MinimumVisualStudioVersion = 10.0.40219.1
Project("{FAE04EC0-301F-11D3-BF4B-00C04F79EFBC}") = "SimpleCalculator.Console", "SimpleCalculator\SimpleCalculator.csproj", "{36860D39-3B20-4E38-A80C-EF2CFA599433}"
EndProject
Project("{FAE04EC0-301F-11D3-BF4B-00C04F79EFBC}") = "Calculations", "Calculations\Calculations.csproj", "{29A2CC5D-AE84-4D43-BFF6-0CE3A0607DEB}"
EndProject
Global
	GlobalSection(SolutionConfigurationPlatforms) = preSolution
		Debug|Any CPU = Debug|Any CPU
		Release|Any CPU = Release|Any CPU
	EndGlobalSection
	GlobalSection(SolutionProperties) = preSolution
		HideSolutionNode = FALSE
	EndGlobalSection
	GlobalSection(ProjectConfigurationPlatforms) = postSolution
		{36860D39-3B20-4E38-A80C-EF2CFA599433}.Debug|Any CPU.ActiveCfg = Debug|Any CPU
		{36860D39-3B20-4E38-A80C-EF2CFA599433}.Debug|Any CPU.Build.0 = Debug|Any CPU
		{36860D39-3B20-4E38-A80C-EF2CFA599433}.Release|Any CPU.ActiveCfg = Release|Any CPU
		{36860D39-3B20-4E38-A80C-EF2CFA599433}.Release|Any CPU.Build.0 = Release|Any CPU
		{29A2CC5D-AE84-4D43-BFF6-0CE3A0607DEB}.Debug|Any CPU.ActiveCfg = Debug|Any CPU
		{29A2CC5D-AE84-4D43-BFF6-0CE3A0607DEB}.Debug|Any CPU.Build.0 = Debug|Any CPU
		{29A2CC5D-AE84-4D43-BFF6-0CE3A0607DEB}.Release|Any CPU.ActiveCfg = Release|Any CPU
		{29A2CC5D-AE84-4D43-BFF6-0CE3A0607DEB}.Release|Any CPU.Build.0 = Release|Any CPU
	EndGlobalSection
EndGlobal
