
Microsoft Visual Studio Solution File, Format Version 12.00
# Visual Studio Version 16
VisualStudioVersion = 16.0.30114.105
MinimumVisualStudioVersion = 10.0.40219.1
Project("{FAE04EC0-301F-11D3-BF4B-00C04F79EFBC}") = "SimpleCalculator.Console", "SimpleCalculator.Console\SimpleCalculator.Console.csproj", "{36860D39-3B20-4E38-A80C-EF2CFA599433}"
EndProject
Project("{FAE04EC0-301F-11D3-BF4B-00C04F79EFBC}") = "Calculations", "Calculations\Calculations.csproj", "{29A2CC5D-AE84-4D43-BFF6-0CE3A0607DEB}"
EndProject
Project("{FAE04EC0-301F-11D3-BF4B-00C04F79EFBC}") = "SimpleCalculator.Web", "SimpleCalculator.Web\SimpleCalculator.Web.csproj", "{A3C027D0-5F59-440D-9BD2-C7968D586AE3}"
EndProject
Project("{FAE04EC0-301F-11D3-BF4B-00C04F79EFBC}") = "SimpleCalculator.Test", "SimpleCalculator.Test\SimpleCalculator.Test.csproj", "{AC780F48-7415-40B8-9202-A810FF362CCF}"
EndProject
Project("{FAE04EC0-301F-11D3-BF4B-00C04F79EFBC}") = "SimpleCalculator.DataAccess", "SimpleCalculator.DataAccess\SimpleCalculator.DataAccess.csproj", "{2CFB7CD5-FED8-4DB9-88C8-0EA74EE98ABF}"
EndProject
Global
	GlobalSection(SolutionConfigurationPlatforms) = preSolution
		Debug|Any CPU = Debug|Any CPU
		Release|Any CPU = Release|Any CPU
	EndGlobalSection
	GlobalSection(SolutionProperties) = preSolution
		HideSolutionNode = FALSE
	EndGlobalSection
	GlobalSection(ProjectConfigurationPlatforms) = postSolution
		{36860D39-3B20-4E38-A80C-EF2CFA599433}.Debug|Any CPU.ActiveCfg = Debug|Any CPU
		{36860D39-3B20-4E38-A80C-EF2CFA599433}.Debug|Any CPU.Build.0 = Debug|Any CPU
		{36860D39-3B20-4E38-A80C-EF2CFA599433}.Release|Any CPU.ActiveCfg = Release|Any CPU
		{36860D39-3B20-4E38-A80C-EF2CFA599433}.Release|Any CPU.Build.0 = Release|Any CPU
		{29A2CC5D-AE84-4D43-BFF6-0CE3A0607DEB}.Debug|Any CPU.ActiveCfg = Debug|Any CPU
		{29A2CC5D-AE84-4D43-BFF6-0CE3A0607DEB}.Debug|Any CPU.Build.0 = Debug|Any CPU
		{29A2CC5D-AE84-4D43-BFF6-0CE3A0607DEB}.Release|Any CPU.ActiveCfg = Release|Any CPU
		{29A2CC5D-AE84-4D43-BFF6-0CE3A0607DEB}.Release|Any CPU.Build.0 = Release|Any CPU
		{A3C027D0-5F59-440D-9BD2-C7968D586AE3}.Debug|Any CPU.ActiveCfg = Debug|Any CPU
		{A3C027D0-5F59-440D-9BD2-C7968D586AE3}.Debug|Any CPU.Build.0 = Debug|Any CPU
		{A3C027D0-5F59-440D-9BD2-C7968D586AE3}.Release|Any CPU.ActiveCfg = Release|Any CPU
		{A3C027D0-5F59-440D-9BD2-C7968D586AE3}.Release|Any CPU.Build.0 = Release|Any CPU
		{AC780F48-7415-40B8-9202-A810FF362CCF}.Debug|Any CPU.ActiveCfg = Debug|Any CPU
		{AC780F48-7415-40B8-9202-A810FF362CCF}.Debug|Any CPU.Build.0 = Debug|Any CPU
		{AC780F48-7415-40B8-9202-A810FF362CCF}.Release|Any CPU.ActiveCfg = Release|Any CPU
		{AC780F48-7415-40B8-9202-A810FF362CCF}.Release|Any CPU.Build.0 = Release|Any CPU
		{2CFB7CD5-FED8-4DB9-88C8-0EA74EE98ABF}.Debug|Any CPU.ActiveCfg = Debug|Any CPU
		{2CFB7CD5-FED8-4DB9-88C8-0EA74EE98ABF}.Debug|Any CPU.Build.0 = Debug|Any CPU
		{2CFB7CD5-FED8-4DB9-88C8-0EA74EE98ABF}.Release|Any CPU.ActiveCfg = Release|Any CPU
		{2CFB7CD5-FED8-4DB9-88C8-0EA74EE98ABF}.Release|Any CPU.Build.0 = Release|Any CPU
	EndGlobalSection
EndGlobal
